
Microsoft Visual Studio Solution File, Format Version 12.00
# Visual Studio 15
VisualStudioVersion = 15.0.28307.329
MinimumVisualStudioVersion = 10.0.40219.1
Project("{9A19103F-16F7-4668-BE54-9A1E7A4F7556}") = "Browser game", "Browser game\Browser game.csproj", "{702B9BF3-C470-4740-8978-CB5F890B102C}"
EndProject
Project("{9A19103F-16F7-4668-BE54-9A1E7A4F7556}") = "Bg_DAL", "DLL\Bg_DAL.csproj", "{B3652809-3D65-4BD4-9ADF-CF846B45A22A}"
EndProject
Project("{9A19103F-16F7-4668-BE54-9A1E7A4F7556}") = "Bg_BAL", "BLL\Bg_BAL.csproj", "{A71C4D5A-2364-4CB0-9B4B-DD1DB54B45F1}"
EndProject
Global
	GlobalSection(SolutionConfigurationPlatforms) = preSolution
		Debug|Any CPU = Debug|Any CPU
		Release|Any CPU = Release|Any CPU
	EndGlobalSection
	GlobalSection(ProjectConfigurationPlatforms) = postSolution
		{702B9BF3-C470-4740-8978-CB5F890B102C}.Debug|Any CPU.ActiveCfg = Debug|Any CPU
		{702B9BF3-C470-4740-8978-CB5F890B102C}.Debug|Any CPU.Build.0 = Debug|Any CPU
		{702B9BF3-C470-4740-8978-CB5F890B102C}.Release|Any CPU.ActiveCfg = Release|Any CPU
		{702B9BF3-C470-4740-8978-CB5F890B102C}.Release|Any CPU.Build.0 = Release|Any CPU
		{B3652809-3D65-4BD4-9ADF-CF846B45A22A}.Debug|Any CPU.ActiveCfg = Debug|Any CPU
		{B3652809-3D65-4BD4-9ADF-CF846B45A22A}.Debug|Any CPU.Build.0 = Debug|Any CPU
		{B3652809-3D65-4BD4-9ADF-CF846B45A22A}.Release|Any CPU.ActiveCfg = Release|Any CPU
		{B3652809-3D65-4BD4-9ADF-CF846B45A22A}.Release|Any CPU.Build.0 = Release|Any CPU
		{A71C4D5A-2364-4CB0-9B4B-DD1DB54B45F1}.Debug|Any CPU.ActiveCfg = Debug|Any CPU
		{A71C4D5A-2364-4CB0-9B4B-DD1DB54B45F1}.Debug|Any CPU.Build.0 = Debug|Any CPU
		{A71C4D5A-2364-4CB0-9B4B-DD1DB54B45F1}.Release|Any CPU.ActiveCfg = Release|Any CPU
		{A71C4D5A-2364-4CB0-9B4B-DD1DB54B45F1}.Release|Any CPU.Build.0 = Release|Any CPU
	EndGlobalSection
	GlobalSection(SolutionProperties) = preSolution
		HideSolutionNode = FALSE
	EndGlobalSection
	GlobalSection(ExtensibilityGlobals) = postSolution
		SolutionGuid = {921C1884-F4E0-4174-825A-C276EBB05AE4}
	EndGlobalSection
EndGlobal
